
Microsoft Visual Studio Solution File, Format Version 12.00
# Visual Studio Version 17
VisualStudioVersion = 17.9.34728.123
MinimumVisualStudioVersion = 10.0.40219.1
Project("{FAE04EC0-301F-11D3-BF4B-00C04F79EFBC}") = "Jogo da Memória", "Jogo da Memória\Jogo da Memória.csproj", "{631D3100-FF96-4AC1-A332-D65A9A195E23}"
EndProject
Global
	GlobalSection(SolutionConfigurationPlatforms) = preSolution
		Debug|Any CPU = Debug|Any CPU
		Release|Any CPU = Release|Any CPU
	EndGlobalSection
	GlobalSection(ProjectConfigurationPlatforms) = postSolution
		{631D3100-FF96-4AC1-A332-D65A9A195E23}.Debug|Any CPU.ActiveCfg = Debug|Any CPU
		{631D3100-FF96-4AC1-A332-D65A9A195E23}.Debug|Any CPU.Build.0 = Debug|Any CPU
		{631D3100-FF96-4AC1-A332-D65A9A195E23}.Release|Any CPU.ActiveCfg = Release|Any CPU
		{631D3100-FF96-4AC1-A332-D65A9A195E23}.Release|Any CPU.Build.0 = Release|Any CPU
	EndGlobalSection
	GlobalSection(SolutionProperties) = preSolution
		HideSolutionNode = FALSE
	EndGlobalSection
	GlobalSection(ExtensibilityGlobals) = postSolution
		SolutionGuid = {99403D45-012C-4AAE-93F6-17E81CD24001}
	EndGlobalSection
EndGlobal
